
Microsoft Visual Studio Solution File, Format Version 12.00
# Visual Studio Version 17
VisualStudioVersion = 17.5.33516.290
MinimumVisualStudioVersion = 10.0.40219.1
Project("{FAE04EC0-301F-11D3-BF4B-00C04F79EFBC}") = "LightFileMoreTech5", "LightFileMoreTech5.csproj", "{CE23EEE0-B90D-4915-AE9C-694253A9F343}"
EndProject
Global
	GlobalSection(SolutionConfigurationPlatforms) = preSolution
		Debug|Any CPU = Debug|Any CPU
		Release|Any CPU = Release|Any CPU
	EndGlobalSection
	GlobalSection(ProjectConfigurationPlatforms) = postSolution
		{CE23EEE0-B90D-4915-AE9C-694253A9F343}.Debug|Any CPU.ActiveCfg = Debug|Any CPU
		{CE23EEE0-B90D-4915-AE9C-694253A9F343}.Debug|Any CPU.Build.0 = Debug|Any CPU
		{CE23EEE0-B90D-4915-AE9C-694253A9F343}.Release|Any CPU.ActiveCfg = Release|Any CPU
		{CE23EEE0-B90D-4915-AE9C-694253A9F343}.Release|Any CPU.Build.0 = Release|Any CPU
	EndGlobalSection
	GlobalSection(SolutionProperties) = preSolution
		HideSolutionNode = FALSE
	EndGlobalSection
	GlobalSection(ExtensibilityGlobals) = postSolution
		SolutionGuid = {7526EE17-771C-42BF-A7B6-8ED5B2EC3A12}
	EndGlobalSection
EndGlobal
